
Microsoft Visual Studio Solution File, Format Version 12.00
# Visual Studio 2012
Project("{FAE04EC0-301F-11D3-BF4B-00C04F79EFBC}") = "Boxes.Core", "Boxes.Core\Boxes.Core.csproj", "{6AD09CFC-1937-439B-9A2F-1C068C0BB2D3}"
EndProject
Project("{FAE04EC0-301F-11D3-BF4B-00C04F79EFBC}") = "Test.Box1", "Test.Box1\Test.Box1.csproj", "{CC2CABBB-39DF-462A-80E2-9E8E131F399C}"
EndProject
Project("{2150E333-8FDC-42A3-9474-1A3956D46DE8}") = "Tests", "Tests", "{8CEA2D79-8D39-4A45-9B30-3326EBBC67B0}"
EndProject
Project("{FAE04EC0-301F-11D3-BF4B-00C04F79EFBC}") = "Test.Box2", "Test.Box2\Test.Box2.csproj", "{F3DB3830-4760-402D-B2E3-95841E50BC7A}"
EndProject
Project("{FAE04EC0-301F-11D3-BF4B-00C04F79EFBC}") = "Test.Box3_1", "Test.Box3_1\Test.Box3_1.csproj", "{B11A3088-C91D-4708-9FAA-AA932C716140}"
EndProject
Project("{FAE04EC0-301F-11D3-BF4B-00C04F79EFBC}") = "Test.Box4_5i", "Test.Box4_5i\Test.Box4_5i.csproj", "{ABA0EB27-814F-44D5-B187-07EE6541A677}"
EndProject
Project("{FAE04EC0-301F-11D3-BF4B-00C04F79EFBC}") = "Test.Box6_2_1", "Test.Box6_2_1\Test.Box6_2_1.csproj", "{122FE03E-B7A6-4C92-8584-F96AB7779005}"
EndProject
Project("{2150E333-8FDC-42A3-9474-1A3956D46DE8}") = "TestModules", "TestModules", "{23E58976-A847-437D-B5B2-8973FAEC0DA2}"
EndProject
Project("{FAE04EC0-301F-11D3-BF4B-00C04F79EFBC}") = "Boxes.Test.Core", "Boxes.Test.Core\Boxes.Test.Core.csproj", "{E94A4224-06FA-4A13-AE5C-B660FCE87FA4}"
EndProject
Project("{FAE04EC0-301F-11D3-BF4B-00C04F79EFBC}") = "Boxes.Test", "Boxes.Test\Boxes.Test.csproj", "{95D7412C-01C9-4BB8-962B-FEEAEE3F0303}"
EndProject
Project("{FAE04EC0-301F-11D3-BF4B-00C04F79EFBC}") = "Test.Box5_6_1", "Test.Box5_6_1\Test.Box5_6_1.csproj", "{AE058B2C-3AFF-41F3-A9B1-8EEDD0EB947C}"
EndProject
Global
	GlobalSection(SolutionConfigurationPlatforms) = preSolution
		Debug|Any CPU = Debug|Any CPU
		Release|Any CPU = Release|Any CPU
	EndGlobalSection
	GlobalSection(ProjectConfigurationPlatforms) = postSolution
		{6AD09CFC-1937-439B-9A2F-1C068C0BB2D3}.Debug|Any CPU.ActiveCfg = Debug|Any CPU
		{6AD09CFC-1937-439B-9A2F-1C068C0BB2D3}.Debug|Any CPU.Build.0 = Debug|Any CPU
		{6AD09CFC-1937-439B-9A2F-1C068C0BB2D3}.Release|Any CPU.ActiveCfg = Release|Any CPU
		{6AD09CFC-1937-439B-9A2F-1C068C0BB2D3}.Release|Any CPU.Build.0 = Release|Any CPU
		{CC2CABBB-39DF-462A-80E2-9E8E131F399C}.Debug|Any CPU.ActiveCfg = Debug|Any CPU
		{CC2CABBB-39DF-462A-80E2-9E8E131F399C}.Debug|Any CPU.Build.0 = Debug|Any CPU
		{CC2CABBB-39DF-462A-80E2-9E8E131F399C}.Release|Any CPU.ActiveCfg = Release|Any CPU
		{CC2CABBB-39DF-462A-80E2-9E8E131F399C}.Release|Any CPU.Build.0 = Release|Any CPU
		{F3DB3830-4760-402D-B2E3-95841E50BC7A}.Debug|Any CPU.ActiveCfg = Debug|Any CPU
		{F3DB3830-4760-402D-B2E3-95841E50BC7A}.Debug|Any CPU.Build.0 = Debug|Any CPU
		{F3DB3830-4760-402D-B2E3-95841E50BC7A}.Release|Any CPU.ActiveCfg = Release|Any CPU
		{F3DB3830-4760-402D-B2E3-95841E50BC7A}.Release|Any CPU.Build.0 = Release|Any CPU
		{B11A3088-C91D-4708-9FAA-AA932C716140}.Debug|Any CPU.ActiveCfg = Debug|Any CPU
		{B11A3088-C91D-4708-9FAA-AA932C716140}.Debug|Any CPU.Build.0 = Debug|Any CPU
		{B11A3088-C91D-4708-9FAA-AA932C716140}.Release|Any CPU.ActiveCfg = Release|Any CPU
		{B11A3088-C91D-4708-9FAA-AA932C716140}.Release|Any CPU.Build.0 = Release|Any CPU
		{ABA0EB27-814F-44D5-B187-07EE6541A677}.Debug|Any CPU.ActiveCfg = Debug|Any CPU
		{ABA0EB27-814F-44D5-B187-07EE6541A677}.Debug|Any CPU.Build.0 = Debug|Any CPU
		{ABA0EB27-814F-44D5-B187-07EE6541A677}.Release|Any CPU.ActiveCfg = Release|Any CPU
		{ABA0EB27-814F-44D5-B187-07EE6541A677}.Release|Any CPU.Build.0 = Release|Any CPU
		{122FE03E-B7A6-4C92-8584-F96AB7779005}.Debug|Any CPU.ActiveCfg = Debug|Any CPU
		{122FE03E-B7A6-4C92-8584-F96AB7779005}.Debug|Any CPU.Build.0 = Debug|Any CPU
		{122FE03E-B7A6-4C92-8584-F96AB7779005}.Release|Any CPU.ActiveCfg = Release|Any CPU
		{122FE03E-B7A6-4C92-8584-F96AB7779005}.Release|Any CPU.Build.0 = Release|Any CPU
		{E94A4224-06FA-4A13-AE5C-B660FCE87FA4}.Debug|Any CPU.ActiveCfg = Debug|Any CPU
		{E94A4224-06FA-4A13-AE5C-B660FCE87FA4}.Debug|Any CPU.Build.0 = Debug|Any CPU
		{E94A4224-06FA-4A13-AE5C-B660FCE87FA4}.Release|Any CPU.ActiveCfg = Release|Any CPU
		{E94A4224-06FA-4A13-AE5C-B660FCE87FA4}.Release|Any CPU.Build.0 = Release|Any CPU
		{95D7412C-01C9-4BB8-962B-FEEAEE3F0303}.Debug|Any CPU.ActiveCfg = Debug|Any CPU
		{95D7412C-01C9-4BB8-962B-FEEAEE3F0303}.Debug|Any CPU.Build.0 = Debug|Any CPU
		{95D7412C-01C9-4BB8-962B-FEEAEE3F0303}.Release|Any CPU.ActiveCfg = Release|Any CPU
		{95D7412C-01C9-4BB8-962B-FEEAEE3F0303}.Release|Any CPU.Build.0 = Release|Any CPU
		{AE058B2C-3AFF-41F3-A9B1-8EEDD0EB947C}.Debug|Any CPU.ActiveCfg = Debug|Any CPU
		{AE058B2C-3AFF-41F3-A9B1-8EEDD0EB947C}.Debug|Any CPU.Build.0 = Debug|Any CPU
		{AE058B2C-3AFF-41F3-A9B1-8EEDD0EB947C}.Release|Any CPU.ActiveCfg = Release|Any CPU
		{AE058B2C-3AFF-41F3-A9B1-8EEDD0EB947C}.Release|Any CPU.Build.0 = Release|Any CPU
	EndGlobalSection
	GlobalSection(SolutionProperties) = preSolution
		HideSolutionNode = FALSE
	EndGlobalSection
	GlobalSection(NestedProjects) = preSolution
		{23E58976-A847-437D-B5B2-8973FAEC0DA2} = {8CEA2D79-8D39-4A45-9B30-3326EBBC67B0}
		{E94A4224-06FA-4A13-AE5C-B660FCE87FA4} = {8CEA2D79-8D39-4A45-9B30-3326EBBC67B0}
		{95D7412C-01C9-4BB8-962B-FEEAEE3F0303} = {8CEA2D79-8D39-4A45-9B30-3326EBBC67B0}
		{CC2CABBB-39DF-462A-80E2-9E8E131F399C} = {23E58976-A847-437D-B5B2-8973FAEC0DA2}
		{F3DB3830-4760-402D-B2E3-95841E50BC7A} = {23E58976-A847-437D-B5B2-8973FAEC0DA2}
		{B11A3088-C91D-4708-9FAA-AA932C716140} = {23E58976-A847-437D-B5B2-8973FAEC0DA2}
		{ABA0EB27-814F-44D5-B187-07EE6541A677} = {23E58976-A847-437D-B5B2-8973FAEC0DA2}
		{122FE03E-B7A6-4C92-8584-F96AB7779005} = {23E58976-A847-437D-B5B2-8973FAEC0DA2}
		{AE058B2C-3AFF-41F3-A9B1-8EEDD0EB947C} = {23E58976-A847-437D-B5B2-8973FAEC0DA2}
	EndGlobalSection
EndGlobal
